
Microsoft Visual Studio Solution File, Format Version 12.00
# Visual Studio Version 17
VisualStudioVersion = 17.13.35818.85
MinimumVisualStudioVersion = 10.0.40219.1
Project("{2150E333-8FDC-42A3-9474-1A3956D46DE8}") = "Services", "Services", "{02EA681E-C7D8-13C7-8484-4AC65E1B71E8}"
EndProject
Project("{2150E333-8FDC-42A3-9474-1A3956D46DE8}") = "Catalog", "Catalog", "{CE5EC43E-9F4C-4110-B6A8-589C4356110E}"
EndProject
Project("{FAE04EC0-301F-11D3-BF4B-00C04F79EFBC}") = "Catalog.API", "Services\Catalog\Catalog.API\Catalog.API.csproj", "{92E33A74-2D9E-45D6-B768-3C0ED6204D9E}"
EndProject
Project("{2150E333-8FDC-42A3-9474-1A3956D46DE8}") = "BuildingBlocks", "BuildingBlocks", "{80809DD4-E3C3-45EA-98E4-C957BBDFF74E}"
EndProject
Project("{FAE04EC0-301F-11D3-BF4B-00C04F79EFBC}") = "BuildingBlocks", "BuildingBlocks\BuildingBlocks\BuildingBlocks.csproj", "{BE89FBFF-6BDE-4284-BA44-B6947DD4FAD2}"
EndProject
Project("{E53339B2-1760-4266-BCC7-CA923CBCF16C}") = "docker-compose", "docker-compose.dcproj", "{81DDED9D-158B-E303-5F62-77A2896D2A5A}"
EndProject
Project("{2150E333-8FDC-42A3-9474-1A3956D46DE8}") = "Basket", "Basket", "{07B17334-8ACE-42CF-B88E-F1F956F2D2B6}"
EndProject
Project("{FAE04EC0-301F-11D3-BF4B-00C04F79EFBC}") = "Basket.API", "Services\Basket\Basket.API\Basket.API.csproj", "{1D40A91F-E44A-4AFC-8DB4-5F5457B7847C}"
EndProject
Project("{2150E333-8FDC-42A3-9474-1A3956D46DE8}") = "Discount", "Discount", "{5C756F2D-B875-4A71-8172-4CFC0CA0064A}"
EndProject
Project("{FAE04EC0-301F-11D3-BF4B-00C04F79EFBC}") = "Discount.Grpc", "Services\Discount\Discount.Grpc\Discount.Grpc.csproj", "{FFC501B1-89CB-4B81-B7EB-F93879E3296D}"
EndProject
Project("{2150E333-8FDC-42A3-9474-1A3956D46DE8}") = "Ordering", "Ordering", "{ABB903A5-3FF5-4FD9-9F42-BDD8DD7EE44E}"
EndProject
Project("{FAE04EC0-301F-11D3-BF4B-00C04F79EFBC}") = "Ordering.API", "Services\Ordering\Ordering.API\Ordering.API.csproj", "{ADB95560-DD26-4476-80F3-F62A93C399AB}"
EndProject
Project("{FAE04EC0-301F-11D3-BF4B-00C04F79EFBC}") = "Ordering.Domain", "Services\Ordering\Ordering.Domain\Ordering.Domain.csproj", "{86F6AEA6-D128-4D60-846A-2D645FC4E85F}"
EndProject
Project("{FAE04EC0-301F-11D3-BF4B-00C04F79EFBC}") = "Ordering.Application", "Services\Ordering\Ordering.Application\Ordering.Application.csproj", "{EB7D9890-E78B-4910-9BA7-2021C093E9F0}"
EndProject
Project("{FAE04EC0-301F-11D3-BF4B-00C04F79EFBC}") = "Ordering.Infrastructure", "Services\Ordering\Ordering.Infrastructure\Ordering.Infrastructure.csproj", "{A9BF0795-B1BB-4E15-B0CA-CC7C13F7BB02}"
EndProject
Global
	GlobalSection(SolutionConfigurationPlatforms) = preSolution
		Debug|Any CPU = Debug|Any CPU
		Release|Any CPU = Release|Any CPU
	EndGlobalSection
	GlobalSection(ProjectConfigurationPlatforms) = postSolution
		{92E33A74-2D9E-45D6-B768-3C0ED6204D9E}.Debug|Any CPU.ActiveCfg = Debug|Any CPU
		{92E33A74-2D9E-45D6-B768-3C0ED6204D9E}.Debug|Any CPU.Build.0 = Debug|Any CPU
		{92E33A74-2D9E-45D6-B768-3C0ED6204D9E}.Release|Any CPU.ActiveCfg = Release|Any CPU
		{92E33A74-2D9E-45D6-B768-3C0ED6204D9E}.Release|Any CPU.Build.0 = Release|Any CPU
		{BE89FBFF-6BDE-4284-BA44-B6947DD4FAD2}.Debug|Any CPU.ActiveCfg = Debug|Any CPU
		{BE89FBFF-6BDE-4284-BA44-B6947DD4FAD2}.Debug|Any CPU.Build.0 = Debug|Any CPU
		{BE89FBFF-6BDE-4284-BA44-B6947DD4FAD2}.Release|Any CPU.ActiveCfg = Release|Any CPU
		{BE89FBFF-6BDE-4284-BA44-B6947DD4FAD2}.Release|Any CPU.Build.0 = Release|Any CPU
		{81DDED9D-158B-E303-5F62-77A2896D2A5A}.Debug|Any CPU.ActiveCfg = Debug|Any CPU
		{81DDED9D-158B-E303-5F62-77A2896D2A5A}.Debug|Any CPU.Build.0 = Debug|Any CPU
		{81DDED9D-158B-E303-5F62-77A2896D2A5A}.Release|Any CPU.ActiveCfg = Release|Any CPU
		{81DDED9D-158B-E303-5F62-77A2896D2A5A}.Release|Any CPU.Build.0 = Release|Any CPU
		{1D40A91F-E44A-4AFC-8DB4-5F5457B7847C}.Debug|Any CPU.ActiveCfg = Debug|Any CPU
		{1D40A91F-E44A-4AFC-8DB4-5F5457B7847C}.Debug|Any CPU.Build.0 = Debug|Any CPU
		{1D40A91F-E44A-4AFC-8DB4-5F5457B7847C}.Release|Any CPU.ActiveCfg = Release|Any CPU
		{1D40A91F-E44A-4AFC-8DB4-5F5457B7847C}.Release|Any CPU.Build.0 = Release|Any CPU
		{FFC501B1-89CB-4B81-B7EB-F93879E3296D}.Debug|Any CPU.ActiveCfg = Debug|Any CPU
		{FFC501B1-89CB-4B81-B7EB-F93879E3296D}.Debug|Any CPU.Build.0 = Debug|Any CPU
		{FFC501B1-89CB-4B81-B7EB-F93879E3296D}.Release|Any CPU.ActiveCfg = Release|Any CPU
		{FFC501B1-89CB-4B81-B7EB-F93879E3296D}.Release|Any CPU.Build.0 = Release|Any CPU
		{ADB95560-DD26-4476-80F3-F62A93C399AB}.Debug|Any CPU.ActiveCfg = Debug|Any CPU
		{ADB95560-DD26-4476-80F3-F62A93C399AB}.Debug|Any CPU.Build.0 = Debug|Any CPU
		{ADB95560-DD26-4476-80F3-F62A93C399AB}.Release|Any CPU.ActiveCfg = Release|Any CPU
		{ADB95560-DD26-4476-80F3-F62A93C399AB}.Release|Any CPU.Build.0 = Release|Any CPU
		{86F6AEA6-D128-4D60-846A-2D645FC4E85F}.Debug|Any CPU.ActiveCfg = Debug|Any CPU
		{86F6AEA6-D128-4D60-846A-2D645FC4E85F}.Debug|Any CPU.Build.0 = Debug|Any CPU
		{86F6AEA6-D128-4D60-846A-2D645FC4E85F}.Release|Any CPU.ActiveCfg = Release|Any CPU
		{86F6AEA6-D128-4D60-846A-2D645FC4E85F}.Release|Any CPU.Build.0 = Release|Any CPU
		{EB7D9890-E78B-4910-9BA7-2021C093E9F0}.Debug|Any CPU.ActiveCfg = Debug|Any CPU
		{EB7D9890-E78B-4910-9BA7-2021C093E9F0}.Debug|Any CPU.Build.0 = Debug|Any CPU
		{EB7D9890-E78B-4910-9BA7-2021C093E9F0}.Release|Any CPU.ActiveCfg = Release|Any CPU
		{EB7D9890-E78B-4910-9BA7-2021C093E9F0}.Release|Any CPU.Build.0 = Release|Any CPU
		{A9BF0795-B1BB-4E15-B0CA-CC7C13F7BB02}.Debug|Any CPU.ActiveCfg = Debug|Any CPU
		{A9BF0795-B1BB-4E15-B0CA-CC7C13F7BB02}.Debug|Any CPU.Build.0 = Debug|Any CPU
		{A9BF0795-B1BB-4E15-B0CA-CC7C13F7BB02}.Release|Any CPU.ActiveCfg = Release|Any CPU
		{A9BF0795-B1BB-4E15-B0CA-CC7C13F7BB02}.Release|Any CPU.Build.0 = Release|Any CPU
	EndGlobalSection
	GlobalSection(SolutionProperties) = preSolution
		HideSolutionNode = FALSE
	EndGlobalSection
	GlobalSection(NestedProjects) = preSolution
		{CE5EC43E-9F4C-4110-B6A8-589C4356110E} = {02EA681E-C7D8-13C7-8484-4AC65E1B71E8}
		{92E33A74-2D9E-45D6-B768-3C0ED6204D9E} = {CE5EC43E-9F4C-4110-B6A8-589C4356110E}
		{BE89FBFF-6BDE-4284-BA44-B6947DD4FAD2} = {80809DD4-E3C3-45EA-98E4-C957BBDFF74E}
		{07B17334-8ACE-42CF-B88E-F1F956F2D2B6} = {02EA681E-C7D8-13C7-8484-4AC65E1B71E8}
		{1D40A91F-E44A-4AFC-8DB4-5F5457B7847C} = {07B17334-8ACE-42CF-B88E-F1F956F2D2B6}
		{5C756F2D-B875-4A71-8172-4CFC0CA0064A} = {02EA681E-C7D8-13C7-8484-4AC65E1B71E8}
		{FFC501B1-89CB-4B81-B7EB-F93879E3296D} = {5C756F2D-B875-4A71-8172-4CFC0CA0064A}
		{ABB903A5-3FF5-4FD9-9F42-BDD8DD7EE44E} = {02EA681E-C7D8-13C7-8484-4AC65E1B71E8}
		{ADB95560-DD26-4476-80F3-F62A93C399AB} = {ABB903A5-3FF5-4FD9-9F42-BDD8DD7EE44E}
		{86F6AEA6-D128-4D60-846A-2D645FC4E85F} = {ABB903A5-3FF5-4FD9-9F42-BDD8DD7EE44E}
		{EB7D9890-E78B-4910-9BA7-2021C093E9F0} = {ABB903A5-3FF5-4FD9-9F42-BDD8DD7EE44E}
		{A9BF0795-B1BB-4E15-B0CA-CC7C13F7BB02} = {ABB903A5-3FF5-4FD9-9F42-BDD8DD7EE44E}
	EndGlobalSection
	GlobalSection(ExtensibilityGlobals) = postSolution
		SolutionGuid = {4B14586F-6C97-4DE8-AA33-492206A848DF}
	EndGlobalSection
EndGlobal
